
Microsoft Visual Studio Solution File, Format Version 12.00
# Visual Studio Version 16
VisualStudioVersion = 16.0.31729.503
MinimumVisualStudioVersion = 10.0.40219.1
Project("{FAE04EC0-301F-11D3-BF4B-00C04F79EFBC}") = "Text Parser", "Text Parser\Text Parser.csproj", "{A884BC13-B863-45B6-9641-1F43C910213A}"
EndProject
Global
	GlobalSection(SolutionConfigurationPlatforms) = preSolution
		Debug|Any CPU = Debug|Any CPU
		Release|Any CPU = Release|Any CPU
	EndGlobalSection
	GlobalSection(ProjectConfigurationPlatforms) = postSolution
		{A884BC13-B863-45B6-9641-1F43C910213A}.Debug|Any CPU.ActiveCfg = Debug|Any CPU
		{A884BC13-B863-45B6-9641-1F43C910213A}.Debug|Any CPU.Build.0 = Debug|Any CPU
		{A884BC13-B863-45B6-9641-1F43C910213A}.Release|Any CPU.ActiveCfg = Release|Any CPU
		{A884BC13-B863-45B6-9641-1F43C910213A}.Release|Any CPU.Build.0 = Release|Any CPU
	EndGlobalSection
	GlobalSection(SolutionProperties) = preSolution
		HideSolutionNode = FALSE
	EndGlobalSection
	GlobalSection(ExtensibilityGlobals) = postSolution
		SolutionGuid = {BB003FBC-14C8-43A5-B2E1-CF3EB7D99060}
	EndGlobalSection
EndGlobal
